
Microsoft Visual Studio Solution File, Format Version 12.00
# Visual Studio Version 16
VisualStudioVersion = 16.0.31702.278
MinimumVisualStudioVersion = 10.0.40219.1
Project("{FAE04EC0-301F-11D3-BF4B-00C04F79EFBC}") = "Otomat", "Otomat\Otomat.csproj", "{F49A00F6-DEAD-4325-BC3C-C487D7E18314}"
EndProject
Global
	GlobalSection(SolutionConfigurationPlatforms) = preSolution
		Debug|Any CPU = Debug|Any CPU
		Release|Any CPU = Release|Any CPU
	EndGlobalSection
	GlobalSection(ProjectConfigurationPlatforms) = postSolution
		{F49A00F6-DEAD-4325-BC3C-C487D7E18314}.Debug|Any CPU.ActiveCfg = Debug|Any CPU
		{F49A00F6-DEAD-4325-BC3C-C487D7E18314}.Debug|Any CPU.Build.0 = Debug|Any CPU
		{F49A00F6-DEAD-4325-BC3C-C487D7E18314}.Release|Any CPU.ActiveCfg = Release|Any CPU
		{F49A00F6-DEAD-4325-BC3C-C487D7E18314}.Release|Any CPU.Build.0 = Release|Any CPU
	EndGlobalSection
	GlobalSection(SolutionProperties) = preSolution
		HideSolutionNode = FALSE
	EndGlobalSection
	GlobalSection(ExtensibilityGlobals) = postSolution
		SolutionGuid = {DA264185-CE99-451F-9094-D33E06545162}
	EndGlobalSection
EndGlobal
